
Microsoft Visual Studio Solution File, Format Version 12.00
# Visual Studio Version 17
VisualStudioVersion = 17.5.33209.295
MinimumVisualStudioVersion = 10.0.40219.1
Project("{FAE04EC0-301F-11D3-BF4B-00C04F79EFBC}") = "RandomSteamGame", "RandomSteamGame\RandomSteamGame.csproj", "{42F620C9-2CC2-4885-9787-BCD7E800B756}"
EndProject
Project("{FAE04EC0-301F-11D3-BF4B-00C04F79EFBC}") = "SteamApiClient", "SteamApiClient\SteamApiClient.csproj", "{2A77EE20-178C-425C-AC15-E2620E663F46}"
EndProject
Global
	GlobalSection(SolutionConfigurationPlatforms) = preSolution
		Debug|Any CPU = Debug|Any CPU
		Release|Any CPU = Release|Any CPU
	EndGlobalSection
	GlobalSection(ProjectConfigurationPlatforms) = postSolution
		{42F620C9-2CC2-4885-9787-BCD7E800B756}.Debug|Any CPU.ActiveCfg = Debug|Any CPU
		{42F620C9-2CC2-4885-9787-BCD7E800B756}.Debug|Any CPU.Build.0 = Debug|Any CPU
		{42F620C9-2CC2-4885-9787-BCD7E800B756}.Release|Any CPU.ActiveCfg = Release|Any CPU
		{42F620C9-2CC2-4885-9787-BCD7E800B756}.Release|Any CPU.Build.0 = Release|Any CPU
		{2A77EE20-178C-425C-AC15-E2620E663F46}.Debug|Any CPU.ActiveCfg = Debug|Any CPU
		{2A77EE20-178C-425C-AC15-E2620E663F46}.Debug|Any CPU.Build.0 = Debug|Any CPU
		{2A77EE20-178C-425C-AC15-E2620E663F46}.Release|Any CPU.ActiveCfg = Release|Any CPU
		{2A77EE20-178C-425C-AC15-E2620E663F46}.Release|Any CPU.Build.0 = Release|Any CPU
	EndGlobalSection
	GlobalSection(SolutionProperties) = preSolution
		HideSolutionNode = FALSE
	EndGlobalSection
	GlobalSection(ExtensibilityGlobals) = postSolution
		SolutionGuid = {B1901372-6876-4CE8-81B9-8FBD785F3F1C}
	EndGlobalSection
EndGlobal
