<Solution>
  <Project Path="RandomSteamGame.Client/RandomSteamGame.Client.csproj" />
  <Project Path="RandomSteamGame.Shared/RandomSteamGame.Shared.csproj" Id="bf7e4a55-c895-419b-a898-3b5dd5b6d402" />
  <Project Path="RandomSteamGame/RandomSteamGame.csproj" />
  <Project Path="SteamApiClient/SteamApiClient.csproj" />
</Solution>
