
Microsoft Visual Studio Solution File, Format Version 12.00
# Visual Studio Version 17
VisualStudioVersion = 17.5.33209.295
MinimumVisualStudioVersion = 10.0.40219.1
Project("{FAE04EC0-301F-11D3-BF4B-00C04F79EFBC}") = "RandomSteamGame", "RandomSteamGame\RandomSteamGame.csproj", "{1CF121EC-DD1C-4A5C-A7E1-D9D9A5B714B4}"
EndProject
Global
	GlobalSection(SolutionConfigurationPlatforms) = preSolution
		Debug|Any CPU = Debug|Any CPU
		Release|Any CPU = Release|Any CPU
	EndGlobalSection
	GlobalSection(ProjectConfigurationPlatforms) = postSolution
		{1CF121EC-DD1C-4A5C-A7E1-D9D9A5B714B4}.Debug|Any CPU.ActiveCfg = Debug|Any CPU
		{1CF121EC-DD1C-4A5C-A7E1-D9D9A5B714B4}.Debug|Any CPU.Build.0 = Debug|Any CPU
		{1CF121EC-DD1C-4A5C-A7E1-D9D9A5B714B4}.Release|Any CPU.ActiveCfg = Release|Any CPU
		{1CF121EC-DD1C-4A5C-A7E1-D9D9A5B714B4}.Release|Any CPU.Build.0 = Release|Any CPU
	EndGlobalSection
	GlobalSection(SolutionProperties) = preSolution
		HideSolutionNode = FALSE
	EndGlobalSection
	GlobalSection(ExtensibilityGlobals) = postSolution
		SolutionGuid = {D64DAFC1-8717-45EF-9783-B7B75891A208}
	EndGlobalSection
EndGlobal
